// !$*UTF8*$!
{
	archiveVersion = 1;
	classes = {
	};
	objectVersion = 50;
	objects = {

/* Begin PBXBuildFile section */
		30096DF120E0E0EB00E25BC3 /* AppDelegate.swift in Sources */ = {isa = PBXBuildFile; fileRef = 30096DF020E0E0EB00E25BC3 /* AppDelegate.swift */; };
		30096DF620E0E0EB00E25BC3 /* Main.storyboard in Resources */ = {isa = PBXBuildFile; fileRef = 30096DF420E0E0EB00E25BC3 /* Main.storyboard */; };
		30096DF820E0E0EF00E25BC3 /* Assets.xcassets in Resources */ = {isa = PBXBuildFile; fileRef = 30096DF720E0E0EF00E25BC3 /* Assets.xcassets */; };
		30096DFB20E0E0EF00E25BC3 /* LaunchScreen.storyboard in Resources */ = {isa = PBXBuildFile; fileRef = 30096DF920E0E0EF00E25BC3 /* LaunchScreen.storyboard */; };
		301EE6C320E3B3290041FCD2 /* VacancyListPresenter.swift in Sources */ = {isa = PBXBuildFile; fileRef = 301EE6C220E3B3290041FCD2 /* VacancyListPresenter.swift */; };
		301EE6C520E3D7A80041FCD2 /* VacancyListViewProtocol.swift in Sources */ = {isa = PBXBuildFile; fileRef = 301EE6C420E3D7A80041FCD2 /* VacancyListViewProtocol.swift */; };
		301EE6C820E3D9340041FCD2 /* BaseViewProtocol.swift in Sources */ = {isa = PBXBuildFile; fileRef = 301EE6C720E3D9340041FCD2 /* BaseViewProtocol.swift */; };
		301EE6CA20E3D98B0041FCD2 /* BasePresenter.swift in Sources */ = {isa = PBXBuildFile; fileRef = 301EE6C920E3D98B0041FCD2 /* BasePresenter.swift */; };
		30256A8120E33DF60096774D /* InMemoryRequest.swift in Sources */ = {isa = PBXBuildFile; fileRef = 30256A8020E33DF50096774D /* InMemoryRequest.swift */; };
		30256A8320E340BD0096774D /* VacancyListVC.swift in Sources */ = {isa = PBXBuildFile; fileRef = 30256A8220E340BD0096774D /* VacancyListVC.swift */; };
		304324B420E221CA00220E16 /* Repository.swift in Sources */ = {isa = PBXBuildFile; fileRef = 304324B320E221CA00220E16 /* Repository.swift */; };
		304324B620E2220A00220E16 /* Request.swift in Sources */ = {isa = PBXBuildFile; fileRef = 304324B520E2220A00220E16 /* Request.swift */; };
		304324BB20E229D900220E16 /* Vacancy.swift in Sources */ = {isa = PBXBuildFile; fileRef = 304324BA20E229D900220E16 /* Vacancy.swift */; };
		304324BD20E229F000220E16 /* Employer.swift in Sources */ = {isa = PBXBuildFile; fileRef = 304324BC20E229F000220E16 /* Employer.swift */; };
		304324C020E23A9900220E16 /* Utils.swift in Sources */ = {isa = PBXBuildFile; fileRef = 304324BF20E23A9900220E16 /* Utils.swift */; };
		304324C520E2451000220E16 /* VacancyBank.swift in Sources */ = {isa = PBXBuildFile; fileRef = 304324C420E2451000220E16 /* VacancyBank.swift */; };
		3079B81820E28A4700A50D6A /* RequestResult.swift in Sources */ = {isa = PBXBuildFile; fileRef = 3079B81720E28A4700A50D6A /* RequestResult.swift */; };
		307CA3B920E4A4DC007A5753 /* BaseInteractor.swift in Sources */ = {isa = PBXBuildFile; fileRef = 307CA3B820E4A4DC007A5753 /* BaseInteractor.swift */; };
		30FB003D20E3460E00E4D6A2 /* VacancyCell.swift in Sources */ = {isa = PBXBuildFile; fileRef = 30FB003C20E3460E00E4D6A2 /* VacancyCell.swift */; };
/* End PBXBuildFile section */

/* Begin PBXFileReference section */
		30096DED20E0E0EB00E25BC3 /* task2_generic_api_client.app */ = {isa = PBXFileReference; explicitFileType = wrapper.application; includeInIndex = 0; path = task2_generic_api_client.app; sourceTree = BUILT_PRODUCTS_DIR; };
		30096DF020E0E0EB00E25BC3 /* AppDelegate.swift */ = {isa = PBXFileReference; lastKnownFileType = sourcecode.swift; path = AppDelegate.swift; sourceTree = "<group>"; };
		30096DF520E0E0EB00E25BC3 /* Base */ = {isa = PBXFileReference; lastKnownFileType = file.storyboard; name = Base; path = Base.lproj/Main.storyboard; sourceTree = "<group>"; };
		30096DF720E0E0EF00E25BC3 /* Assets.xcassets */ = {isa = PBXFileReference; lastKnownFileType = folder.assetcatalog; path = Assets.xcassets; sourceTree = "<group>"; };
		30096DFA20E0E0EF00E25BC3 /* Base */ = {isa = PBXFileReference; lastKnownFileType = file.storyboard; name = Base; path = Base.lproj/LaunchScreen.storyboard; sourceTree = "<group>"; };
		30096DFC20E0E0EF00E25BC3 /* Info.plist */ = {isa = PBXFileReference; lastKnownFileType = text.plist.xml; path = Info.plist; sourceTree = "<group>"; };
		301EE6C220E3B3290041FCD2 /* VacancyListPresenter.swift */ = {isa = PBXFileReference; lastKnownFileType = sourcecode.swift; path = VacancyListPresenter.swift; sourceTree = "<group>"; };
		301EE6C420E3D7A80041FCD2 /* VacancyListViewProtocol.swift */ = {isa = PBXFileReference; lastKnownFileType = sourcecode.swift; path = VacancyListViewProtocol.swift; sourceTree = "<group>"; };
		301EE6C720E3D9340041FCD2 /* BaseViewProtocol.swift */ = {isa = PBXFileReference; lastKnownFileType = sourcecode.swift; path = BaseViewProtocol.swift; sourceTree = "<group>"; };
		301EE6C920E3D98B0041FCD2 /* BasePresenter.swift */ = {isa = PBXFileReference; lastKnownFileType = sourcecode.swift; path = BasePresenter.swift; sourceTree = "<group>"; };
		30256A8020E33DF50096774D /* InMemoryRequest.swift */ = {isa = PBXFileReference; lastKnownFileType = sourcecode.swift; path = InMemoryRequest.swift; sourceTree = "<group>"; };
		30256A8220E340BD0096774D /* VacancyListVC.swift */ = {isa = PBXFileReference; lastKnownFileType = sourcecode.swift; path = VacancyListVC.swift; sourceTree = "<group>"; };
		304324B320E221CA00220E16 /* Repository.swift */ = {isa = PBXFileReference; lastKnownFileType = sourcecode.swift; path = Repository.swift; sourceTree = "<group>"; };
		304324B520E2220A00220E16 /* Request.swift */ = {isa = PBXFileReference; lastKnownFileType = sourcecode.swift; path = Request.swift; sourceTree = "<group>"; };
		304324BA20E229D900220E16 /* Vacancy.swift */ = {isa = PBXFileReference; lastKnownFileType = sourcecode.swift; path = Vacancy.swift; sourceTree = "<group>"; };
		304324BC20E229F000220E16 /* Employer.swift */ = {isa = PBXFileReference; lastKnownFileType = sourcecode.swift; path = Employer.swift; sourceTree = "<group>"; };
		304324BF20E23A9900220E16 /* Utils.swift */ = {isa = PBXFileReference; lastKnownFileType = sourcecode.swift; path = Utils.swift; sourceTree = "<group>"; };
		304324C420E2451000220E16 /* VacancyBank.swift */ = {isa = PBXFileReference; lastKnownFileType = sourcecode.swift; path = VacancyBank.swift; sourceTree = "<group>"; };
		3079B81720E28A4700A50D6A /* RequestResult.swift */ = {isa = PBXFileReference; lastKnownFileType = sourcecode.swift; path = RequestResult.swift; sourceTree = "<group>"; };
		307CA3B820E4A4DC007A5753 /* BaseInteractor.swift */ = {isa = PBXFileReference; lastKnownFileType = sourcecode.swift; path = BaseInteractor.swift; sourceTree = "<group>"; };
		30FB003C20E3460E00E4D6A2 /* VacancyCell.swift */ = {isa = PBXFileReference; lastKnownFileType = sourcecode.swift; path = VacancyCell.swift; sourceTree = "<group>"; };
/* End PBXFileReference section */

/* Begin PBXFrameworksBuildPhase section */
		30096DEA20E0E0EB00E25BC3 /* Frameworks */ = {
			isa = PBXFrameworksBuildPhase;
			buildActionMask = 2147483647;
			files = (
			);
			runOnlyForDeploymentPostprocessing = 0;
		};
/* End PBXFrameworksBuildPhase section */

/* Begin PBXGroup section */
		30096DE420E0E0EA00E25BC3 = {
			isa = PBXGroup;
			children = (
				30096DEF20E0E0EB00E25BC3 /* task2_generic_api_client */,
				30096DEE20E0E0EB00E25BC3 /* Products */,
			);
			sourceTree = "<group>";
		};
		30096DEE20E0E0EB00E25BC3 /* Products */ = {
			isa = PBXGroup;
			children = (
				30096DED20E0E0EB00E25BC3 /* task2_generic_api_client.app */,
			);
			name = Products;
			sourceTree = "<group>";
		};
		30096DEF20E0E0EB00E25BC3 /* task2_generic_api_client */ = {
			isa = PBXGroup;
			children = (
				301EE6C620E3D9250041FCD2 /* base */,
				304324C220E23FF300220E16 /* misc */,
				304324BE20E23A8900220E16 /* Utils */,
				304324B920E229CC00220E16 /* Domain */,
				304324B820E2225600220E16 /* VacancyDetail */,
				304324B720E2224700220E16 /* VacancyList */,
				304324C120E23FC300220E16 /* EmployerDetail */,
				304324B220E221A200220E16 /* Repository */,
				30096DF420E0E0EB00E25BC3 /* Main.storyboard */,
				30096DFC20E0E0EF00E25BC3 /* Info.plist */,
			);
			path = task2_generic_api_client;
			sourceTree = "<group>";
		};
		301EE6C620E3D9250041FCD2 /* base */ = {
			isa = PBXGroup;
			children = (
				301EE6C720E3D9340041FCD2 /* BaseViewProtocol.swift */,
				301EE6C920E3D98B0041FCD2 /* BasePresenter.swift */,
				307CA3B820E4A4DC007A5753 /* BaseInteractor.swift */,
			);
			path = base;
			sourceTree = "<group>";
		};
		304324B220E221A200220E16 /* Repository */ = {
			isa = PBXGroup;
			children = (
				304324C320E2446000220E16 /* In-Memory */,
				304324B320E221CA00220E16 /* Repository.swift */,
				304324B520E2220A00220E16 /* Request.swift */,
				3079B81720E28A4700A50D6A /* RequestResult.swift */,
			);
			path = Repository;
			sourceTree = "<group>";
		};
		304324B720E2224700220E16 /* VacancyList */ = {
			isa = PBXGroup;
			children = (
				30256A8220E340BD0096774D /* VacancyListVC.swift */,
				30FB003C20E3460E00E4D6A2 /* VacancyCell.swift */,
				301EE6C220E3B3290041FCD2 /* VacancyListPresenter.swift */,
				301EE6C420E3D7A80041FCD2 /* VacancyListViewProtocol.swift */,
			);
			path = VacancyList;
			sourceTree = "<group>";
		};
		304324B820E2225600220E16 /* VacancyDetail */ = {
			isa = PBXGroup;
			children = (
			);
			path = VacancyDetail;
			sourceTree = "<group>";
		};
		304324B920E229CC00220E16 /* Domain */ = {
			isa = PBXGroup;
			children = (
				304324BA20E229D900220E16 /* Vacancy.swift */,
				304324BC20E229F000220E16 /* Employer.swift */,
			);
			path = Domain;
			sourceTree = "<group>";
		};
		304324BE20E23A8900220E16 /* Utils */ = {
			isa = PBXGroup;
			children = (
				304324BF20E23A9900220E16 /* Utils.swift */,
			);
			path = Utils;
			sourceTree = "<group>";
		};
		304324C120E23FC300220E16 /* EmployerDetail */ = {
			isa = PBXGroup;
			children = (
			);
			path = EmployerDetail;
			sourceTree = "<group>";
		};
		304324C220E23FF300220E16 /* misc */ = {
			isa = PBXGroup;
			children = (
				30096DF020E0E0EB00E25BC3 /* AppDelegate.swift */,
				30096DF720E0E0EF00E25BC3 /* Assets.xcassets */,
				30096DF920E0E0EF00E25BC3 /* LaunchScreen.storyboard */,
			);
			path = misc;
			sourceTree = "<group>";
		};
		304324C320E2446000220E16 /* In-Memory */ = {
			isa = PBXGroup;
			children = (
				304324C420E2451000220E16 /* VacancyBank.swift */,
				30256A8020E33DF50096774D /* InMemoryRequest.swift */,
			);
			path = "In-Memory";
			sourceTree = "<group>";
		};
/* End PBXGroup section */

/* Begin PBXNativeTarget section */
		30096DEC20E0E0EB00E25BC3 /* task2_generic_api_client */ = {
			isa = PBXNativeTarget;
			buildConfigurationList = 30096DFF20E0E0EF00E25BC3 /* Build configuration list for PBXNativeTarget "task2_generic_api_client" */;
			buildPhases = (
				30096DE920E0E0EB00E25BC3 /* Sources */,
				30096DEA20E0E0EB00E25BC3 /* Frameworks */,
				30096DEB20E0E0EB00E25BC3 /* Resources */,
			);
			buildRules = (
			);
			dependencies = (
			);
			name = task2_generic_api_client;
			productName = task2_generic_api_client;
			productReference = 30096DED20E0E0EB00E25BC3 /* task2_generic_api_client.app */;
			productType = "com.apple.product-type.application";
		};
/* End PBXNativeTarget section */

/* Begin PBXProject section */
		30096DE520E0E0EA00E25BC3 /* Project object */ = {
			isa = PBXProject;
			attributes = {
				LastSwiftUpdateCheck = 0940;
				LastUpgradeCheck = 0940;
				ORGANIZATIONNAME = "Roman Brazhnikov";
				TargetAttributes = {
					30096DEC20E0E0EB00E25BC3 = {
						CreatedOnToolsVersion = 9.4.1;
					};
				};
			};
			buildConfigurationList = 30096DE820E0E0EB00E25BC3 /* Build configuration list for PBXProject "task2_generic_api_client" */;
			compatibilityVersion = "Xcode 9.3";
			developmentRegion = en;
			hasScannedForEncodings = 0;
			knownRegions = (
				en,
				Base,
			);
			mainGroup = 30096DE420E0E0EA00E25BC3;
			productRefGroup = 30096DEE20E0E0EB00E25BC3 /* Products */;
			projectDirPath = "";
			projectRoot = "";
			targets = (
				30096DEC20E0E0EB00E25BC3 /* task2_generic_api_client */,
			);
		};
/* End PBXProject section */

/* Begin PBXResourcesBuildPhase section */
		30096DEB20E0E0EB00E25BC3 /* Resources */ = {
			isa = PBXResourcesBuildPhase;
			buildActionMask = 2147483647;
			files = (
				30096DFB20E0E0EF00E25BC3 /* LaunchScreen.storyboard in Resources */,
				30096DF820E0E0EF00E25BC3 /* Assets.xcassets in Resources */,
				30096DF620E0E0EB00E25BC3 /* Main.storyboard in Resources */,
			);
			runOnlyForDeploymentPostprocessing = 0;
		};
/* End PBXResourcesBuildPhase section */

/* Begin PBXSourcesBuildPhase section */
		30096DE920E0E0EB00E25BC3 /* Sources */ = {
			isa = PBXSourcesBuildPhase;
			buildActionMask = 2147483647;
			files = (
				30FB003D20E3460E00E4D6A2 /* VacancyCell.swift in Sources */,
				301EE6CA20E3D98B0041FCD2 /* BasePresenter.swift in Sources */,
				30096DF120E0E0EB00E25BC3 /* AppDelegate.swift in Sources */,
				301EE6C520E3D7A80041FCD2 /* VacancyListViewProtocol.swift in Sources */,
				304324BB20E229D900220E16 /* Vacancy.swift in Sources */,
				307CA3B920E4A4DC007A5753 /* BaseInteractor.swift in Sources */,
				30256A8320E340BD0096774D /* VacancyListVC.swift in Sources */,
				304324C520E2451000220E16 /* VacancyBank.swift in Sources */,
				304324B620E2220A00220E16 /* Request.swift in Sources */,
				304324BD20E229F000220E16 /* Employer.swift in Sources */,
				304324B420E221CA00220E16 /* Repository.swift in Sources */,
				30256A8120E33DF60096774D /* InMemoryRequest.swift in Sources */,
				3079B81820E28A4700A50D6A /* RequestResult.swift in Sources */,
				301EE6C820E3D9340041FCD2 /* BaseViewProtocol.swift in Sources */,
				301EE6C320E3B3290041FCD2 /* VacancyListPresenter.swift in Sources */,
				304324C020E23A9900220E16 /* Utils.swift in Sources */,
			);
			runOnlyForDeploymentPostprocessing = 0;
		};
/* End PBXSourcesBuildPhase section */

/* Begin PBXVariantGroup section */
		30096DF420E0E0EB00E25BC3 /* Main.storyboard */ = {
			isa = PBXVariantGroup;
			children = (
				30096DF520E0E0EB00E25BC3 /* Base */,
			);
			name = Main.storyboard;
			sourceTree = "<group>";
		};
		30096DF920E0E0EF00E25BC3 /* LaunchScreen.storyboard */ = {
			isa = PBXVariantGroup;
			children = (
				30096DFA20E0E0EF00E25BC3 /* Base */,
			);
			name = LaunchScreen.storyboard;
			sourceTree = "<group>";
		};
/* End PBXVariantGroup section */

/* Begin XCBuildConfiguration section */
		30096DFD20E0E0EF00E25BC3 /* Debug */ = {
			isa = XCBuildConfiguration;
			buildSettings = {
				ALWAYS_SEARCH_USER_PATHS = NO;
				CLANG_ANALYZER_NONNULL = YES;
				CLANG_ANALYZER_NUMBER_OBJECT_CONVERSION = YES_AGGRESSIVE;
				CLANG_CXX_LANGUAGE_STANDARD = "gnu++14";
				CLANG_CXX_LIBRARY = "libc++";
				CLANG_ENABLE_MODULES = YES;
				CLANG_ENABLE_OBJC_ARC = YES;
				CLANG_ENABLE_OBJC_WEAK = YES;
				CLANG_WARN_BLOCK_CAPTURE_AUTORELEASING = YES;
				CLANG_WARN_BOOL_CONVERSION = YES;
				CLANG_WARN_COMMA = YES;
				CLANG_WARN_CONSTANT_CONVERSION = YES;
				CLANG_WARN_DEPRECATED_OBJC_IMPLEMENTATIONS = YES;
				CLANG_WARN_DIRECT_OBJC_ISA_USAGE = YES_ERROR;
				CLANG_WARN_DOCUMENTATION_COMMENTS = YES;
				CLANG_WARN_EMPTY_BODY = YES;
				CLANG_WARN_ENUM_CONVERSION = YES;
				CLANG_WARN_INFINITE_RECURSION = YES;
				CLANG_WARN_INT_CONVERSION = YES;
				CLANG_WARN_NON_LITERAL_NULL_CONVERSION = YES;
				CLANG_WARN_OBJC_IMPLICIT_RETAIN_SELF = YES;
				CLANG_WARN_OBJC_LITERAL_CONVERSION = YES;
				CLANG_WARN_OBJC_ROOT_CLASS = YES_ERROR;
				CLANG_WARN_RANGE_LOOP_ANALYSIS = YES;
				CLANG_WARN_STRICT_PROTOTYPES = YES;
				CLANG_WARN_SUSPICIOUS_MOVE = YES;
				CLANG_WARN_UNGUARDED_AVAILABILITY = YES_AGGRESSIVE;
				CLANG_WARN_UNREACHABLE_CODE = YES;
				CLANG_WARN__DUPLICATE_METHOD_MATCH = YES;
				CODE_SIGN_IDENTITY = "iPhone Developer";
				COPY_PHASE_STRIP = NO;
				DEBUG_INFORMATION_FORMAT = dwarf;
				ENABLE_STRICT_OBJC_MSGSEND = YES;
				ENABLE_TESTABILITY = YES;
				GCC_C_LANGUAGE_STANDARD = gnu11;
				GCC_DYNAMIC_NO_PIC = NO;
				GCC_NO_COMMON_BLOCKS = YES;
				GCC_OPTIMIZATION_LEVEL = 0;
				GCC_PREPROCESSOR_DEFINITIONS = (
					"DEBUG=1",
					"$(inherited)",
				);
				GCC_WARN_64_TO_32_BIT_CONVERSION = YES;
				GCC_WARN_ABOUT_RETURN_TYPE = YES_ERROR;
				GCC_WARN_UNDECLARED_SELECTOR = YES;
				GCC_WARN_UNINITIALIZED_AUTOS = YES_AGGRESSIVE;
				GCC_WARN_UNUSED_FUNCTION = YES;
				GCC_WARN_UNUSED_VARIABLE = YES;
				IPHONEOS_DEPLOYMENT_TARGET = 11.4;
				MTL_ENABLE_DEBUG_INFO = YES;
				ONLY_ACTIVE_ARCH = YES;
				SDKROOT = iphoneos;
				SWIFT_ACTIVE_COMPILATION_CONDITIONS = DEBUG;
				SWIFT_OPTIMIZATION_LEVEL = "-Onone";
			};
			name = Debug;
		};
		30096DFE20E0E0EF00E25BC3 /* Release */ = {
			isa = XCBuildConfiguration;
			buildSettings = {
				ALWAYS_SEARCH_USER_PATHS = NO;
				CLANG_ANALYZER_NONNULL = YES;
				CLANG_ANALYZER_NUMBER_OBJECT_CONVERSION = YES_AGGRESSIVE;
				CLANG_CXX_LANGUAGE_STANDARD = "gnu++14";
				CLANG_CXX_LIBRARY = "libc++";
				CLANG_ENABLE_MODULES = YES;
				CLANG_ENABLE_OBJC_ARC = YES;
				CLANG_ENABLE_OBJC_WEAK = YES;
				CLANG_WARN_BLOCK_CAPTURE_AUTORELEASING = YES;
				CLANG_WARN_BOOL_CONVERSION = YES;
				CLANG_WARN_COMMA = YES;
				CLANG_WARN_CONSTANT_CONVERSION = YES;
				CLANG_WARN_DEPRECATED_OBJC_IMPLEMENTATIONS = YES;
				CLANG_WARN_DIRECT_OBJC_ISA_USAGE = YES_ERROR;
				CLANG_WARN_DOCUMENTATION_COMMENTS = YES;
				CLANG_WARN_EMPTY_BODY = YES;
				CLANG_WARN_ENUM_CONVERSION = YES;
				CLANG_WARN_INFINITE_RECURSION = YES;
				CLANG_WARN_INT_CONVERSION = YES;
				CLANG_WARN_NON_LITERAL_NULL_CONVERSION = YES;
				CLANG_WARN_OBJC_IMPLICIT_RETAIN_SELF = YES;
				CLANG_WARN_OBJC_LITERAL_CONVERSION = YES;
				CLANG_WARN_OBJC_ROOT_CLASS = YES_ERROR;
				CLANG_WARN_RANGE_LOOP_ANALYSIS = YES;
				CLANG_WARN_STRICT_PROTOTYPES = YES;
				CLANG_WARN_SUSPICIOUS_MOVE = YES;
				CLANG_WARN_UNGUARDED_AVAILABILITY = YES_AGGRESSIVE;
				CLANG_WARN_UNREACHABLE_CODE = YES;
				CLANG_WARN__DUPLICATE_METHOD_MATCH = YES;
				CODE_SIGN_IDENTITY = "iPhone Developer";
				COPY_PHASE_STRIP = NO;
				DEBUG_INFORMATION_FORMAT = "dwarf-with-dsym";
				ENABLE_NS_ASSERTIONS = NO;
				ENABLE_STRICT_OBJC_MSGSEND = YES;
				GCC_C_LANGUAGE_STANDARD = gnu11;
				GCC_NO_COMMON_BLOCKS = YES;
				GCC_WARN_64_TO_32_BIT_CONVERSION = YES;
				GCC_WARN_ABOUT_RETURN_TYPE = YES_ERROR;
				GCC_WARN_UNDECLARED_SELECTOR = YES;
				GCC_WARN_UNINITIALIZED_AUTOS = YES_AGGRESSIVE;
				GCC_WARN_UNUSED_FUNCTION = YES;
				GCC_WARN_UNUSED_VARIABLE = YES;
				IPHONEOS_DEPLOYMENT_TARGET = 11.4;
				MTL_ENABLE_DEBUG_INFO = NO;
				SDKROOT = iphoneos;
				SWIFT_COMPILATION_MODE = wholemodule;
				SWIFT_OPTIMIZATION_LEVEL = "-O";
				VALIDATE_PRODUCT = YES;
			};
			name = Release;
		};
		30096E0020E0E0EF00E25BC3 /* Debug */ = {
			isa = XCBuildConfiguration;
			buildSettings = {
				ASSETCATALOG_COMPILER_APPICON_NAME = AppIcon;
				CODE_SIGN_STYLE = Automatic;
				DEVELOPMENT_TEAM = P3HJAZRP24;
				INFOPLIST_FILE = task2_generic_api_client/Info.plist;
				LD_RUNPATH_SEARCH_PATHS = (
					"$(inherited)",
					"@executable_path/Frameworks",
				);
				PRODUCT_BUNDLE_IDENTIFIER = "ru.romanbrazhnikov.task2-generic-api-client";
				PRODUCT_NAME = "$(TARGET_NAME)";
				SWIFT_VERSION = 4.0;
				TARGETED_DEVICE_FAMILY = "1,2";
			};
			name = Debug;
		};
		30096E0120E0E0EF00E25BC3 /* Release */ = {
			isa = XCBuildConfiguration;
			buildSettings = {
				ASSETCATALOG_COMPILER_APPICON_NAME = AppIcon;
				CODE_SIGN_STYLE = Automatic;
				DEVELOPMENT_TEAM = P3HJAZRP24;
				INFOPLIST_FILE = task2_generic_api_client/Info.plist;
				LD_RUNPATH_SEARCH_PATHS = (
					"$(inherited)",
					"@executable_path/Frameworks",
				);
				PRODUCT_BUNDLE_IDENTIFIER = "ru.romanbrazhnikov.task2-generic-api-client";
				PRODUCT_NAME = "$(TARGET_NAME)";
				SWIFT_VERSION = 4.0;
				TARGETED_DEVICE_FAMILY = "1,2";
			};
			name = Release;
		};
/* End XCBuildConfiguration section */

/* Begin XCConfigurationList section */
		30096DE820E0E0EB00E25BC3 /* Build configuration list for PBXProject "task2_generic_api_client" */ = {
			isa = XCConfigurationList;
			buildConfigurations = (
				30096DFD20E0E0EF00E25BC3 /* Debug */,
				30096DFE20E0E0EF00E25BC3 /* Release */,
			);
			defaultConfigurationIsVisible = 0;
			defaultConfigurationName = Release;
		};
		30096DFF20E0E0EF00E25BC3 /* Build configuration list for PBXNativeTarget "task2_generic_api_client" */ = {
			isa = XCConfigurationList;
			buildConfigurations = (
				30096E0020E0E0EF00E25BC3 /* Debug */,
				30096E0120E0E0EF00E25BC3 /* Release */,
			);
			defaultConfigurationIsVisible = 0;
			defaultConfigurationName = Release;
		};
/* End XCConfigurationList section */
	};
	rootObject = 30096DE520E0E0EA00E25BC3 /* Project object */;
}
