// !$*UTF8*$!
{
	archiveVersion = 1;
	classes = {
	};
	objectVersion = 50;
	objects = {

/* Begin PBXBuildFile section */
		30096DF120E0E0EB00E25BC3 /* AppDelegate.swift in Sources */ = {isa = PBXBuildFile; fileRef = 30096DF020E0E0EB00E25BC3 /* AppDelegate.swift */; };
		30096DF620E0E0EB00E25BC3 /* Main.storyboard in Resources */ = {isa = PBXBuildFile; fileRef = 30096DF420E0E0EB00E25BC3 /* Main.storyboard */; };
		30096DF820E0E0EF00E25BC3 /* Assets.xcassets in Resources */ = {isa = PBXBuildFile; fileRef = 30096DF720E0E0EF00E25BC3 /* Assets.xcassets */; };
		30096DFB20E0E0EF00E25BC3 /* LaunchScreen.storyboard in Resources */ = {isa = PBXBuildFile; fileRef = 30096DF920E0E0EF00E25BC3 /* LaunchScreen.storyboard */; };
		301EE6C320E3B3290041FCD2 /* VacancyListPresenter.swift in Sources */ = {isa = PBXBuildFile; fileRef = 301EE6C220E3B3290041FCD2 /* VacancyListPresenter.swift */; };
		301EE6C520E3D7A80041FCD2 /* VacancyListViewProtocol.swift in Sources */ = {isa = PBXBuildFile; fileRef = 301EE6C420E3D7A80041FCD2 /* VacancyListViewProtocol.swift */; };
		301EE6C820E3D9340041FCD2 /* BaseViewProtocol.swift in Sources */ = {isa = PBXBuildFile; fileRef = 301EE6C720E3D9340041FCD2 /* BaseViewProtocol.swift */; };
		301EE6CA20E3D98B0041FCD2 /* BasePresenter.swift in Sources */ = {isa = PBXBuildFile; fileRef = 301EE6C920E3D98B0041FCD2 /* BasePresenter.swift */; };
		3021242620E5016000B06BAC /* DetailVacancyVC.swift in Sources */ = {isa = PBXBuildFile; fileRef = 3021242520E5016000B06BAC /* DetailVacancyVC.swift */; };
		3021242920E5032E00B06BAC /* BaseView.swift in Sources */ = {isa = PBXBuildFile; fileRef = 3021242820E5032E00B06BAC /* BaseView.swift */; };
		3021242B20E5052100B06BAC /* DetailVacancyPresenter.swift in Sources */ = {isa = PBXBuildFile; fileRef = 3021242A20E5052100B06BAC /* DetailVacancyPresenter.swift */; };
		3021242D20E5058E00B06BAC /* DetailVacancyInteractor.swift in Sources */ = {isa = PBXBuildFile; fileRef = 3021242C20E5058E00B06BAC /* DetailVacancyInteractor.swift */; };
		3021243120E5268700B06BAC /* FavoritesVC.swift in Sources */ = {isa = PBXBuildFile; fileRef = 3021243020E5268700B06BAC /* FavoritesVC.swift */; };
		3021243320E526B600B06BAC /* FavoritesViewProtocol.swift in Sources */ = {isa = PBXBuildFile; fileRef = 3021243220E526B600B06BAC /* FavoritesViewProtocol.swift */; };
		3021243520E5276800B06BAC /* FavoritesPresenter.swift in Sources */ = {isa = PBXBuildFile; fileRef = 3021243420E5276800B06BAC /* FavoritesPresenter.swift */; };
		3021243720E5277800B06BAC /* FavoritesInteractor.swift in Sources */ = {isa = PBXBuildFile; fileRef = 3021243620E5277800B06BAC /* FavoritesInteractor.swift */; };
		3021243A20E527ED00B06BAC /* EmployerViewProtocol.swift in Sources */ = {isa = PBXBuildFile; fileRef = 3021243920E527ED00B06BAC /* EmployerViewProtocol.swift */; };
		3021243C20E5280F00B06BAC /* EmployerVC.swift in Sources */ = {isa = PBXBuildFile; fileRef = 3021243B20E5280F00B06BAC /* EmployerVC.swift */; };
		3021243E20E5283800B06BAC /* EmployerPresenter.swift in Sources */ = {isa = PBXBuildFile; fileRef = 3021243D20E5283800B06BAC /* EmployerPresenter.swift */; };
		3021244020E5286400B06BAC /* EmployerInteractor.swift in Sources */ = {isa = PBXBuildFile; fileRef = 3021243F20E5286400B06BAC /* EmployerInteractor.swift */; };
		302385C120E4B43B006110A1 /* VacancyListInteractor.swift in Sources */ = {isa = PBXBuildFile; fileRef = 302385C020E4B43A006110A1 /* VacancyListInteractor.swift */; };
		30256A8120E33DF60096774D /* InMemoryRequest.swift in Sources */ = {isa = PBXBuildFile; fileRef = 30256A8020E33DF50096774D /* InMemoryRequest.swift */; };
		30256A8320E340BD0096774D /* VacancyListVC.swift in Sources */ = {isa = PBXBuildFile; fileRef = 30256A8220E340BD0096774D /* VacancyListVC.swift */; };
		3031F49F20E5E25E00101B58 /* FrameworkFactory.swift in Sources */ = {isa = PBXBuildFile; fileRef = 3031F49E20E5E25E00101B58 /* FrameworkFactory.swift */; };
		3031F4A120E5E85100101B58 /* FavoritesBank.swift in Sources */ = {isa = PBXBuildFile; fileRef = 3031F4A020E5E85100101B58 /* FavoritesBank.swift */; };
		3031F4A320E622CF00101B58 /* DetailVacancyViewProtocol.swift in Sources */ = {isa = PBXBuildFile; fileRef = 3031F4A220E622CF00101B58 /* DetailVacancyViewProtocol.swift */; };
		304324B420E221CA00220E16 /* Repository.swift in Sources */ = {isa = PBXBuildFile; fileRef = 304324B320E221CA00220E16 /* Repository.swift */; };
		304324B620E2220A00220E16 /* Request.swift in Sources */ = {isa = PBXBuildFile; fileRef = 304324B520E2220A00220E16 /* Request.swift */; };
		304324BB20E229D900220E16 /* Vacancy.swift in Sources */ = {isa = PBXBuildFile; fileRef = 304324BA20E229D900220E16 /* Vacancy.swift */; };
		304324BD20E229F000220E16 /* Employer.swift in Sources */ = {isa = PBXBuildFile; fileRef = 304324BC20E229F000220E16 /* Employer.swift */; };
		304324C020E23A9900220E16 /* Utils.swift in Sources */ = {isa = PBXBuildFile; fileRef = 304324BF20E23A9900220E16 /* Utils.swift */; };
		304324C520E2451000220E16 /* VacancyBank.swift in Sources */ = {isa = PBXBuildFile; fileRef = 304324C420E2451000220E16 /* VacancyBank.swift */; };
		3048B15920E9372000153587 /* VacanciesRequestResult.swift in Sources */ = {isa = PBXBuildFile; fileRef = 3048B15820E9371F00153587 /* VacanciesRequestResult.swift */; };
		3048B15B20E9429000153587 /* EmployerRequestResult.swift in Sources */ = {isa = PBXBuildFile; fileRef = 3048B15A20E9429000153587 /* EmployerRequestResult.swift */; };
		3049C0B420E8A1CF00646FBE /* ImageResult.swift in Sources */ = {isa = PBXBuildFile; fileRef = 3049C0B320E8A1CF00646FBE /* ImageResult.swift */; };
		3049C0B620E8A20700646FBE /* PhotoError.swift in Sources */ = {isa = PBXBuildFile; fileRef = 3049C0B520E8A20700646FBE /* PhotoError.swift */; };
		3049C0BB20E8DF0600646FBE /* ImageChachingBank.swift in Sources */ = {isa = PBXBuildFile; fileRef = 3049C0BA20E8DF0600646FBE /* ImageChachingBank.swift */; };
		307CA3B920E4A4DC007A5753 /* BaseInteractor.swift in Sources */ = {isa = PBXBuildFile; fileRef = 307CA3B820E4A4DC007A5753 /* BaseInteractor.swift */; };
		30B7633620E7CADF004BD3AA /* HhRequest.swift in Sources */ = {isa = PBXBuildFile; fileRef = 30B7633520E7CADF004BD3AA /* HhRequest.swift */; };
		30B7633920E7D495004BD3AA /* HttpClient.swift in Sources */ = {isa = PBXBuildFile; fileRef = 30B7633820E7D495004BD3AA /* HttpClient.swift */; };
		30B7633B20E7D59A004BD3AA /* HhDataParser.swift in Sources */ = {isa = PBXBuildFile; fileRef = 30B7633A20E7D59A004BD3AA /* HhDataParser.swift */; };
		30B7633D20E7D5CD004BD3AA /* DataParserProtocol.swift in Sources */ = {isa = PBXBuildFile; fileRef = 30B7633C20E7D5CD004BD3AA /* DataParserProtocol.swift */; };
		30D5C05F20E76C850070E108 /* FavoriteCell.swift in Sources */ = {isa = PBXBuildFile; fileRef = 30D5C05E20E76C850070E108 /* FavoriteCell.swift */; };
		30FB003D20E3460E00E4D6A2 /* VacancyCell.swift in Sources */ = {isa = PBXBuildFile; fileRef = 30FB003C20E3460E00E4D6A2 /* VacancyCell.swift */; };
/* End PBXBuildFile section */

/* Begin PBXFileReference section */
		30096DED20E0E0EB00E25BC3 /* task2_generic_api_client.app */ = {isa = PBXFileReference; explicitFileType = wrapper.application; includeInIndex = 0; path = task2_generic_api_client.app; sourceTree = BUILT_PRODUCTS_DIR; };
		30096DF020E0E0EB00E25BC3 /* AppDelegate.swift */ = {isa = PBXFileReference; lastKnownFileType = sourcecode.swift; path = AppDelegate.swift; sourceTree = "<group>"; };
		30096DF520E0E0EB00E25BC3 /* Base */ = {isa = PBXFileReference; lastKnownFileType = file.storyboard; name = Base; path = Base.lproj/Main.storyboard; sourceTree = "<group>"; };
		30096DF720E0E0EF00E25BC3 /* Assets.xcassets */ = {isa = PBXFileReference; lastKnownFileType = folder.assetcatalog; path = Assets.xcassets; sourceTree = "<group>"; };
		30096DFA20E0E0EF00E25BC3 /* Base */ = {isa = PBXFileReference; lastKnownFileType = file.storyboard; name = Base; path = Base.lproj/LaunchScreen.storyboard; sourceTree = "<group>"; };
		30096DFC20E0E0EF00E25BC3 /* Info.plist */ = {isa = PBXFileReference; lastKnownFileType = text.plist.xml; path = Info.plist; sourceTree = "<group>"; };
		301EE6C220E3B3290041FCD2 /* VacancyListPresenter.swift */ = {isa = PBXFileReference; lastKnownFileType = sourcecode.swift; path = VacancyListPresenter.swift; sourceTree = "<group>"; };
		301EE6C420E3D7A80041FCD2 /* VacancyListViewProtocol.swift */ = {isa = PBXFileReference; lastKnownFileType = sourcecode.swift; path = VacancyListViewProtocol.swift; sourceTree = "<group>"; };
		301EE6C720E3D9340041FCD2 /* BaseViewProtocol.swift */ = {isa = PBXFileReference; lastKnownFileType = sourcecode.swift; path = BaseViewProtocol.swift; sourceTree = "<group>"; };
		301EE6C920E3D98B0041FCD2 /* BasePresenter.swift */ = {isa = PBXFileReference; lastKnownFileType = sourcecode.swift; path = BasePresenter.swift; sourceTree = "<group>"; };
		3021242520E5016000B06BAC /* DetailVacancyVC.swift */ = {isa = PBXFileReference; lastKnownFileType = sourcecode.swift; path = DetailVacancyVC.swift; sourceTree = "<group>"; };
		3021242820E5032E00B06BAC /* BaseView.swift */ = {isa = PBXFileReference; lastKnownFileType = sourcecode.swift; path = BaseView.swift; sourceTree = "<group>"; };
		3021242A20E5052100B06BAC /* DetailVacancyPresenter.swift */ = {isa = PBXFileReference; lastKnownFileType = sourcecode.swift; path = DetailVacancyPresenter.swift; sourceTree = "<group>"; };
		3021242C20E5058E00B06BAC /* DetailVacancyInteractor.swift */ = {isa = PBXFileReference; lastKnownFileType = sourcecode.swift; path = DetailVacancyInteractor.swift; sourceTree = "<group>"; };
		3021243020E5268700B06BAC /* FavoritesVC.swift */ = {isa = PBXFileReference; lastKnownFileType = sourcecode.swift; path = FavoritesVC.swift; sourceTree = "<group>"; };
		3021243220E526B600B06BAC /* FavoritesViewProtocol.swift */ = {isa = PBXFileReference; lastKnownFileType = sourcecode.swift; path = FavoritesViewProtocol.swift; sourceTree = "<group>"; };
		3021243420E5276800B06BAC /* FavoritesPresenter.swift */ = {isa = PBXFileReference; lastKnownFileType = sourcecode.swift; path = FavoritesPresenter.swift; sourceTree = "<group>"; };
		3021243620E5277800B06BAC /* FavoritesInteractor.swift */ = {isa = PBXFileReference; lastKnownFileType = sourcecode.swift; path = FavoritesInteractor.swift; sourceTree = "<group>"; };
		3021243920E527ED00B06BAC /* EmployerViewProtocol.swift */ = {isa = PBXFileReference; lastKnownFileType = sourcecode.swift; path = EmployerViewProtocol.swift; sourceTree = "<group>"; };
		3021243B20E5280F00B06BAC /* EmployerVC.swift */ = {isa = PBXFileReference; lastKnownFileType = sourcecode.swift; path = EmployerVC.swift; sourceTree = "<group>"; };
		3021243D20E5283800B06BAC /* EmployerPresenter.swift */ = {isa = PBXFileReference; lastKnownFileType = sourcecode.swift; path = EmployerPresenter.swift; sourceTree = "<group>"; };
		3021243F20E5286400B06BAC /* EmployerInteractor.swift */ = {isa = PBXFileReference; lastKnownFileType = sourcecode.swift; path = EmployerInteractor.swift; sourceTree = "<group>"; };
		302385C020E4B43A006110A1 /* VacancyListInteractor.swift */ = {isa = PBXFileReference; lastKnownFileType = sourcecode.swift; path = VacancyListInteractor.swift; sourceTree = "<group>"; };
		30256A8020E33DF50096774D /* InMemoryRequest.swift */ = {isa = PBXFileReference; lastKnownFileType = sourcecode.swift; path = InMemoryRequest.swift; sourceTree = "<group>"; };
		30256A8220E340BD0096774D /* VacancyListVC.swift */ = {isa = PBXFileReference; lastKnownFileType = sourcecode.swift; path = VacancyListVC.swift; sourceTree = "<group>"; };
		3031F49E20E5E25E00101B58 /* FrameworkFactory.swift */ = {isa = PBXFileReference; lastKnownFileType = sourcecode.swift; path = FrameworkFactory.swift; sourceTree = "<group>"; };
		3031F4A020E5E85100101B58 /* FavoritesBank.swift */ = {isa = PBXFileReference; lastKnownFileType = sourcecode.swift; path = FavoritesBank.swift; sourceTree = "<group>"; };
		3031F4A220E622CF00101B58 /* DetailVacancyViewProtocol.swift */ = {isa = PBXFileReference; lastKnownFileType = sourcecode.swift; path = DetailVacancyViewProtocol.swift; sourceTree = "<group>"; };
		304324B320E221CA00220E16 /* Repository.swift */ = {isa = PBXFileReference; lastKnownFileType = sourcecode.swift; path = Repository.swift; sourceTree = "<group>"; };
		304324B520E2220A00220E16 /* Request.swift */ = {isa = PBXFileReference; lastKnownFileType = sourcecode.swift; path = Request.swift; sourceTree = "<group>"; };
		304324BA20E229D900220E16 /* Vacancy.swift */ = {isa = PBXFileReference; lastKnownFileType = sourcecode.swift; path = Vacancy.swift; sourceTree = "<group>"; };
		304324BC20E229F000220E16 /* Employer.swift */ = {isa = PBXFileReference; lastKnownFileType = sourcecode.swift; path = Employer.swift; sourceTree = "<group>"; };
		304324BF20E23A9900220E16 /* Utils.swift */ = {isa = PBXFileReference; lastKnownFileType = sourcecode.swift; path = Utils.swift; sourceTree = "<group>"; };
		304324C420E2451000220E16 /* VacancyBank.swift */ = {isa = PBXFileReference; lastKnownFileType = sourcecode.swift; path = VacancyBank.swift; sourceTree = "<group>"; };
		3048B15820E9371F00153587 /* VacanciesRequestResult.swift */ = {isa = PBXFileReference; fileEncoding = 4; lastKnownFileType = sourcecode.swift; path = VacanciesRequestResult.swift; sourceTree = "<group>"; };
		3048B15A20E9429000153587 /* EmployerRequestResult.swift */ = {isa = PBXFileReference; lastKnownFileType = sourcecode.swift; path = EmployerRequestResult.swift; sourceTree = "<group>"; };
		3049C0B320E8A1CF00646FBE /* ImageResult.swift */ = {isa = PBXFileReference; lastKnownFileType = sourcecode.swift; path = ImageResult.swift; sourceTree = "<group>"; };
		3049C0B520E8A20700646FBE /* PhotoError.swift */ = {isa = PBXFileReference; lastKnownFileType = sourcecode.swift; path = PhotoError.swift; sourceTree = "<group>"; };
		3049C0BA20E8DF0600646FBE /* ImageChachingBank.swift */ = {isa = PBXFileReference; fileEncoding = 4; lastKnownFileType = sourcecode.swift; path = ImageChachingBank.swift; sourceTree = "<group>"; };
		307CA3B820E4A4DC007A5753 /* BaseInteractor.swift */ = {isa = PBXFileReference; lastKnownFileType = sourcecode.swift; path = BaseInteractor.swift; sourceTree = "<group>"; };
		30B7633520E7CADF004BD3AA /* HhRequest.swift */ = {isa = PBXFileReference; lastKnownFileType = sourcecode.swift; path = HhRequest.swift; sourceTree = "<group>"; };
		30B7633820E7D495004BD3AA /* HttpClient.swift */ = {isa = PBXFileReference; lastKnownFileType = sourcecode.swift; path = HttpClient.swift; sourceTree = "<group>"; };
		30B7633A20E7D59A004BD3AA /* HhDataParser.swift */ = {isa = PBXFileReference; lastKnownFileType = sourcecode.swift; path = HhDataParser.swift; sourceTree = "<group>"; };
		30B7633C20E7D5CD004BD3AA /* DataParserProtocol.swift */ = {isa = PBXFileReference; lastKnownFileType = sourcecode.swift; path = DataParserProtocol.swift; sourceTree = "<group>"; };
		30D5C05E20E76C850070E108 /* FavoriteCell.swift */ = {isa = PBXFileReference; lastKnownFileType = sourcecode.swift; path = FavoriteCell.swift; sourceTree = "<group>"; };
		30FB003C20E3460E00E4D6A2 /* VacancyCell.swift */ = {isa = PBXFileReference; lastKnownFileType = sourcecode.swift; path = VacancyCell.swift; sourceTree = "<group>"; };
/* End PBXFileReference section */

/* Begin PBXFrameworksBuildPhase section */
		30096DEA20E0E0EB00E25BC3 /* Frameworks */ = {
			isa = PBXFrameworksBuildPhase;
			buildActionMask = 2147483647;
			files = (
			);
			runOnlyForDeploymentPostprocessing = 0;
		};
/* End PBXFrameworksBuildPhase section */

/* Begin PBXGroup section */
		30096DE420E0E0EA00E25BC3 = {
			isa = PBXGroup;
			children = (
				30096DEF20E0E0EB00E25BC3 /* task2_generic_api_client */,
				30096DEE20E0E0EB00E25BC3 /* Products */,
			);
			sourceTree = "<group>";
		};
		30096DEE20E0E0EB00E25BC3 /* Products */ = {
			isa = PBXGroup;
			children = (
				30096DED20E0E0EB00E25BC3 /* task2_generic_api_client.app */,
			);
			name = Products;
			sourceTree = "<group>";
		};
		30096DEF20E0E0EB00E25BC3 /* task2_generic_api_client */ = {
			isa = PBXGroup;
			children = (
				3031F49D20E5E22800101B58 /* framework factory */,
				301EE6C620E3D9250041FCD2 /* base */,
				304324C220E23FF300220E16 /* misc */,
				304324BE20E23A8900220E16 /* Utils */,
				304324B920E229CC00220E16 /* Domain */,
				304324B820E2225600220E16 /* VacancyDetail */,
				304324B720E2224700220E16 /* VacancyList */,
				3021242E20E5263F00B06BAC /* Favorites */,
				304324C120E23FC300220E16 /* Employer */,
				304324B220E221A200220E16 /* Repository */,
				30096DF420E0E0EB00E25BC3 /* Main.storyboard */,
				30096DFC20E0E0EF00E25BC3 /* Info.plist */,
			);
			path = task2_generic_api_client;
			sourceTree = "<group>";
		};
		301EE6C620E3D9250041FCD2 /* base */ = {
			isa = PBXGroup;
			children = (
				301EE6C720E3D9340041FCD2 /* BaseViewProtocol.swift */,
				301EE6C920E3D98B0041FCD2 /* BasePresenter.swift */,
				307CA3B820E4A4DC007A5753 /* BaseInteractor.swift */,
				3021242820E5032E00B06BAC /* BaseView.swift */,
			);
			path = base;
			sourceTree = "<group>";
		};
		3021242720E501CC00B06BAC /* View */ = {
			isa = PBXGroup;
			children = (
				3021242520E5016000B06BAC /* DetailVacancyVC.swift */,
				3031F4A220E622CF00101B58 /* DetailVacancyViewProtocol.swift */,
			);
			path = View;
			sourceTree = "<group>";
		};
		3021242E20E5263F00B06BAC /* Favorites */ = {
			isa = PBXGroup;
			children = (
				3021242F20E5266100B06BAC /* View */,
				3021243420E5276800B06BAC /* FavoritesPresenter.swift */,
				3021243620E5277800B06BAC /* FavoritesInteractor.swift */,
			);
			path = Favorites;
			sourceTree = "<group>";
		};
		3021242F20E5266100B06BAC /* View */ = {
			isa = PBXGroup;
			children = (
				3021243020E5268700B06BAC /* FavoritesVC.swift */,
				3021243220E526B600B06BAC /* FavoritesViewProtocol.swift */,
				30D5C05E20E76C850070E108 /* FavoriteCell.swift */,
			);
			path = View;
			sourceTree = "<group>";
		};
		3021243820E527D200B06BAC /* View */ = {
			isa = PBXGroup;
			children = (
				3021243920E527ED00B06BAC /* EmployerViewProtocol.swift */,
				3021243B20E5280F00B06BAC /* EmployerVC.swift */,
			);
			path = View;
			sourceTree = "<group>";
		};
		302385C220E4D7E7006110A1 /* View */ = {
			isa = PBXGroup;
			children = (
				30256A8220E340BD0096774D /* VacancyListVC.swift */,
				30FB003C20E3460E00E4D6A2 /* VacancyCell.swift */,
				301EE6C420E3D7A80041FCD2 /* VacancyListViewProtocol.swift */,
			);
			path = View;
			sourceTree = "<group>";
		};
		3031F49D20E5E22800101B58 /* framework factory */ = {
			isa = PBXGroup;
			children = (
				3031F49E20E5E25E00101B58 /* FrameworkFactory.swift */,
			);
			path = "framework factory";
			sourceTree = "<group>";
		};
		304324B220E221A200220E16 /* Repository */ = {
			isa = PBXGroup;
			children = (
				3049C0B220E8A19D00646FBE /* Getting Images */,
				30B7633720E7D47D004BD3AA /* HttpClient */,
				30B7633320E7CAB2004BD3AA /* HeadHunter */,
				304324C320E2446000220E16 /* In-Memory */,
				30B7633C20E7D5CD004BD3AA /* DataParserProtocol.swift */,
				304324B320E221CA00220E16 /* Repository.swift */,
				304324B520E2220A00220E16 /* Request.swift */,
				3048B15820E9371F00153587 /* VacanciesRequestResult.swift */,
				3048B15A20E9429000153587 /* EmployerRequestResult.swift */,
			);
			path = Repository;
			sourceTree = "<group>";
		};
		304324B720E2224700220E16 /* VacancyList */ = {
			isa = PBXGroup;
			children = (
				302385C220E4D7E7006110A1 /* View */,
				301EE6C220E3B3290041FCD2 /* VacancyListPresenter.swift */,
				302385C020E4B43A006110A1 /* VacancyListInteractor.swift */,
			);
			path = VacancyList;
			sourceTree = "<group>";
		};
		304324B820E2225600220E16 /* VacancyDetail */ = {
			isa = PBXGroup;
			children = (
				3021242720E501CC00B06BAC /* View */,
				3021242A20E5052100B06BAC /* DetailVacancyPresenter.swift */,
				3021242C20E5058E00B06BAC /* DetailVacancyInteractor.swift */,
			);
			path = VacancyDetail;
			sourceTree = "<group>";
		};
		304324B920E229CC00220E16 /* Domain */ = {
			isa = PBXGroup;
			children = (
				304324BA20E229D900220E16 /* Vacancy.swift */,
				304324BC20E229F000220E16 /* Employer.swift */,
			);
			path = Domain;
			sourceTree = "<group>";
		};
		304324BE20E23A8900220E16 /* Utils */ = {
			isa = PBXGroup;
			children = (
				304324BF20E23A9900220E16 /* Utils.swift */,
			);
			path = Utils;
			sourceTree = "<group>";
		};
		304324C120E23FC300220E16 /* Employer */ = {
			isa = PBXGroup;
			children = (
				3021243820E527D200B06BAC /* View */,
				3021243D20E5283800B06BAC /* EmployerPresenter.swift */,
				3021243F20E5286400B06BAC /* EmployerInteractor.swift */,
			);
			path = Employer;
			sourceTree = "<group>";
		};
		304324C220E23FF300220E16 /* misc */ = {
			isa = PBXGroup;
			children = (
				30096DF020E0E0EB00E25BC3 /* AppDelegate.swift */,
				30096DF720E0E0EF00E25BC3 /* Assets.xcassets */,
				30096DF920E0E0EF00E25BC3 /* LaunchScreen.storyboard */,
			);
			path = misc;
			sourceTree = "<group>";
		};
		304324C320E2446000220E16 /* In-Memory */ = {
			isa = PBXGroup;
			children = (
				304324C420E2451000220E16 /* VacancyBank.swift */,
				30256A8020E33DF50096774D /* InMemoryRequest.swift */,
				3031F4A020E5E85100101B58 /* FavoritesBank.swift */,
			);
			path = "In-Memory";
			sourceTree = "<group>";
		};
		3049C0B220E8A19D00646FBE /* Getting Images */ = {
			isa = PBXGroup;
			children = (
				3049C0BA20E8DF0600646FBE /* ImageChachingBank.swift */,
				3049C0B320E8A1CF00646FBE /* ImageResult.swift */,
				3049C0B520E8A20700646FBE /* PhotoError.swift */,
			);
			path = "Getting Images";
			sourceTree = "<group>";
		};
		30B7633320E7CAB2004BD3AA /* HeadHunter */ = {
			isa = PBXGroup;
			children = (
				30B7633520E7CADF004BD3AA /* HhRequest.swift */,
				30B7633A20E7D59A004BD3AA /* HhDataParser.swift */,
			);
			path = HeadHunter;
			sourceTree = "<group>";
		};
		30B7633720E7D47D004BD3AA /* HttpClient */ = {
			isa = PBXGroup;
			children = (
				30B7633820E7D495004BD3AA /* HttpClient.swift */,
			);
			path = HttpClient;
			sourceTree = "<group>";
		};
/* End PBXGroup section */

/* Begin PBXNativeTarget section */
		30096DEC20E0E0EB00E25BC3 /* task2_generic_api_client */ = {
			isa = PBXNativeTarget;
			buildConfigurationList = 30096DFF20E0E0EF00E25BC3 /* Build configuration list for PBXNativeTarget "task2_generic_api_client" */;
			buildPhases = (
				30096DE920E0E0EB00E25BC3 /* Sources */,
				30096DEA20E0E0EB00E25BC3 /* Frameworks */,
				30096DEB20E0E0EB00E25BC3 /* Resources */,
			);
			buildRules = (
			);
			dependencies = (
			);
			name = task2_generic_api_client;
			productName = task2_generic_api_client;
			productReference = 30096DED20E0E0EB00E25BC3 /* task2_generic_api_client.app */;
			productType = "com.apple.product-type.application";
		};
/* End PBXNativeTarget section */

/* Begin PBXProject section */
		30096DE520E0E0EA00E25BC3 /* Project object */ = {
			isa = PBXProject;
			attributes = {
				LastSwiftUpdateCheck = 0940;
				LastUpgradeCheck = 0940;
				ORGANIZATIONNAME = "Roman Brazhnikov";
				TargetAttributes = {
					30096DEC20E0E0EB00E25BC3 = {
						CreatedOnToolsVersion = 9.4.1;
					};
				};
			};
			buildConfigurationList = 30096DE820E0E0EB00E25BC3 /* Build configuration list for PBXProject "task2_generic_api_client" */;
			compatibilityVersion = "Xcode 9.3";
			developmentRegion = en;
			hasScannedForEncodings = 0;
			knownRegions = (
				en,
				Base,
			);
			mainGroup = 30096DE420E0E0EA00E25BC3;
			productRefGroup = 30096DEE20E0E0EB00E25BC3 /* Products */;
			projectDirPath = "";
			projectRoot = "";
			targets = (
				30096DEC20E0E0EB00E25BC3 /* task2_generic_api_client */,
			);
		};
/* End PBXProject section */

/* Begin PBXResourcesBuildPhase section */
		30096DEB20E0E0EB00E25BC3 /* Resources */ = {
			isa = PBXResourcesBuildPhase;
			buildActionMask = 2147483647;
			files = (
				30096DFB20E0E0EF00E25BC3 /* LaunchScreen.storyboard in Resources */,
				30096DF820E0E0EF00E25BC3 /* Assets.xcassets in Resources */,
				30096DF620E0E0EB00E25BC3 /* Main.storyboard in Resources */,
			);
			runOnlyForDeploymentPostprocessing = 0;
		};
/* End PBXResourcesBuildPhase section */

/* Begin PBXSourcesBuildPhase section */
		30096DE920E0E0EB00E25BC3 /* Sources */ = {
			isa = PBXSourcesBuildPhase;
			buildActionMask = 2147483647;
			files = (
				3021243120E5268700B06BAC /* FavoritesVC.swift in Sources */,
				3021244020E5286400B06BAC /* EmployerInteractor.swift in Sources */,
				3049C0B420E8A1CF00646FBE /* ImageResult.swift in Sources */,
				3049C0BB20E8DF0600646FBE /* ImageChachingBank.swift in Sources */,
				302385C120E4B43B006110A1 /* VacancyListInteractor.swift in Sources */,
				30FB003D20E3460E00E4D6A2 /* VacancyCell.swift in Sources */,
				30B7633D20E7D5CD004BD3AA /* DataParserProtocol.swift in Sources */,
				3021243E20E5283800B06BAC /* EmployerPresenter.swift in Sources */,
				3048B15B20E9429000153587 /* EmployerRequestResult.swift in Sources */,
				3048B15920E9372000153587 /* VacanciesRequestResult.swift in Sources */,
				301EE6CA20E3D98B0041FCD2 /* BasePresenter.swift in Sources */,
				3049C0B620E8A20700646FBE /* PhotoError.swift in Sources */,
				30096DF120E0E0EB00E25BC3 /* AppDelegate.swift in Sources */,
				301EE6C520E3D7A80041FCD2 /* VacancyListViewProtocol.swift in Sources */,
				3031F4A120E5E85100101B58 /* FavoritesBank.swift in Sources */,
				3021243320E526B600B06BAC /* FavoritesViewProtocol.swift in Sources */,
				304324BB20E229D900220E16 /* Vacancy.swift in Sources */,
				307CA3B920E4A4DC007A5753 /* BaseInteractor.swift in Sources */,
				30256A8320E340BD0096774D /* VacancyListVC.swift in Sources */,
				3021243720E5277800B06BAC /* FavoritesInteractor.swift in Sources */,
				304324C520E2451000220E16 /* VacancyBank.swift in Sources */,
				3021242620E5016000B06BAC /* DetailVacancyVC.swift in Sources */,
				304324B620E2220A00220E16 /* Request.swift in Sources */,
				304324BD20E229F000220E16 /* Employer.swift in Sources */,
				3021243520E5276800B06BAC /* FavoritesPresenter.swift in Sources */,
				304324B420E221CA00220E16 /* Repository.swift in Sources */,
				30B7633B20E7D59A004BD3AA /* HhDataParser.swift in Sources */,
				3031F49F20E5E25E00101B58 /* FrameworkFactory.swift in Sources */,
				3021243A20E527ED00B06BAC /* EmployerViewProtocol.swift in Sources */,
				30256A8120E33DF60096774D /* InMemoryRequest.swift in Sources */,
				3021242B20E5052100B06BAC /* DetailVacancyPresenter.swift in Sources */,
				30B7633920E7D495004BD3AA /* HttpClient.swift in Sources */,
				301EE6C820E3D9340041FCD2 /* BaseViewProtocol.swift in Sources */,
				3021242920E5032E00B06BAC /* BaseView.swift in Sources */,
				30D5C05F20E76C850070E108 /* FavoriteCell.swift in Sources */,
				3021243C20E5280F00B06BAC /* EmployerVC.swift in Sources */,
				3021242D20E5058E00B06BAC /* DetailVacancyInteractor.swift in Sources */,
				301EE6C320E3B3290041FCD2 /* VacancyListPresenter.swift in Sources */,
				304324C020E23A9900220E16 /* Utils.swift in Sources */,
				3031F4A320E622CF00101B58 /* DetailVacancyViewProtocol.swift in Sources */,
				30B7633620E7CADF004BD3AA /* HhRequest.swift in Sources */,
			);
			runOnlyForDeploymentPostprocessing = 0;
		};
/* End PBXSourcesBuildPhase section */

/* Begin PBXVariantGroup section */
		30096DF420E0E0EB00E25BC3 /* Main.storyboard */ = {
			isa = PBXVariantGroup;
			children = (
				30096DF520E0E0EB00E25BC3 /* Base */,
			);
			name = Main.storyboard;
			sourceTree = "<group>";
		};
		30096DF920E0E0EF00E25BC3 /* LaunchScreen.storyboard */ = {
			isa = PBXVariantGroup;
			children = (
				30096DFA20E0E0EF00E25BC3 /* Base */,
			);
			name = LaunchScreen.storyboard;
			sourceTree = "<group>";
		};
/* End PBXVariantGroup section */

/* Begin XCBuildConfiguration section */
		30096DFD20E0E0EF00E25BC3 /* Debug */ = {
			isa = XCBuildConfiguration;
			buildSettings = {
				ALWAYS_SEARCH_USER_PATHS = NO;
				CLANG_ANALYZER_NONNULL = YES;
				CLANG_ANALYZER_NUMBER_OBJECT_CONVERSION = YES_AGGRESSIVE;
				CLANG_CXX_LANGUAGE_STANDARD = "gnu++14";
				CLANG_CXX_LIBRARY = "libc++";
				CLANG_ENABLE_MODULES = YES;
				CLANG_ENABLE_OBJC_ARC = YES;
				CLANG_ENABLE_OBJC_WEAK = YES;
				CLANG_WARN_BLOCK_CAPTURE_AUTORELEASING = YES;
				CLANG_WARN_BOOL_CONVERSION = YES;
				CLANG_WARN_COMMA = YES;
				CLANG_WARN_CONSTANT_CONVERSION = YES;
				CLANG_WARN_DEPRECATED_OBJC_IMPLEMENTATIONS = YES;
				CLANG_WARN_DIRECT_OBJC_ISA_USAGE = YES_ERROR;
				CLANG_WARN_DOCUMENTATION_COMMENTS = YES;
				CLANG_WARN_EMPTY_BODY = YES;
				CLANG_WARN_ENUM_CONVERSION = YES;
				CLANG_WARN_INFINITE_RECURSION = YES;
				CLANG_WARN_INT_CONVERSION = YES;
				CLANG_WARN_NON_LITERAL_NULL_CONVERSION = YES;
				CLANG_WARN_OBJC_IMPLICIT_RETAIN_SELF = YES;
				CLANG_WARN_OBJC_LITERAL_CONVERSION = YES;
				CLANG_WARN_OBJC_ROOT_CLASS = YES_ERROR;
				CLANG_WARN_RANGE_LOOP_ANALYSIS = YES;
				CLANG_WARN_STRICT_PROTOTYPES = YES;
				CLANG_WARN_SUSPICIOUS_MOVE = YES;
				CLANG_WARN_UNGUARDED_AVAILABILITY = YES_AGGRESSIVE;
				CLANG_WARN_UNREACHABLE_CODE = YES;
				CLANG_WARN__DUPLICATE_METHOD_MATCH = YES;
				CODE_SIGN_IDENTITY = "iPhone Developer";
				COPY_PHASE_STRIP = NO;
				DEBUG_INFORMATION_FORMAT = dwarf;
				ENABLE_STRICT_OBJC_MSGSEND = YES;
				ENABLE_TESTABILITY = YES;
				GCC_C_LANGUAGE_STANDARD = gnu11;
				GCC_DYNAMIC_NO_PIC = NO;
				GCC_NO_COMMON_BLOCKS = YES;
				GCC_OPTIMIZATION_LEVEL = 0;
				GCC_PREPROCESSOR_DEFINITIONS = (
					"DEBUG=1",
					"$(inherited)",
				);
				GCC_WARN_64_TO_32_BIT_CONVERSION = YES;
				GCC_WARN_ABOUT_RETURN_TYPE = YES_ERROR;
				GCC_WARN_UNDECLARED_SELECTOR = YES;
				GCC_WARN_UNINITIALIZED_AUTOS = YES_AGGRESSIVE;
				GCC_WARN_UNUSED_FUNCTION = YES;
				GCC_WARN_UNUSED_VARIABLE = YES;
				IPHONEOS_DEPLOYMENT_TARGET = 11.4;
				MTL_ENABLE_DEBUG_INFO = YES;
				ONLY_ACTIVE_ARCH = YES;
				SDKROOT = iphoneos;
				SWIFT_ACTIVE_COMPILATION_CONDITIONS = DEBUG;
				SWIFT_OPTIMIZATION_LEVEL = "-Onone";
			};
			name = Debug;
		};
		30096DFE20E0E0EF00E25BC3 /* Release */ = {
			isa = XCBuildConfiguration;
			buildSettings = {
				ALWAYS_SEARCH_USER_PATHS = NO;
				CLANG_ANALYZER_NONNULL = YES;
				CLANG_ANALYZER_NUMBER_OBJECT_CONVERSION = YES_AGGRESSIVE;
				CLANG_CXX_LANGUAGE_STANDARD = "gnu++14";
				CLANG_CXX_LIBRARY = "libc++";
				CLANG_ENABLE_MODULES = YES;
				CLANG_ENABLE_OBJC_ARC = YES;
				CLANG_ENABLE_OBJC_WEAK = YES;
				CLANG_WARN_BLOCK_CAPTURE_AUTORELEASING = YES;
				CLANG_WARN_BOOL_CONVERSION = YES;
				CLANG_WARN_COMMA = YES;
				CLANG_WARN_CONSTANT_CONVERSION = YES;
				CLANG_WARN_DEPRECATED_OBJC_IMPLEMENTATIONS = YES;
				CLANG_WARN_DIRECT_OBJC_ISA_USAGE = YES_ERROR;
				CLANG_WARN_DOCUMENTATION_COMMENTS = YES;
				CLANG_WARN_EMPTY_BODY = YES;
				CLANG_WARN_ENUM_CONVERSION = YES;
				CLANG_WARN_INFINITE_RECURSION = YES;
				CLANG_WARN_INT_CONVERSION = YES;
				CLANG_WARN_NON_LITERAL_NULL_CONVERSION = YES;
				CLANG_WARN_OBJC_IMPLICIT_RETAIN_SELF = YES;
				CLANG_WARN_OBJC_LITERAL_CONVERSION = YES;
				CLANG_WARN_OBJC_ROOT_CLASS = YES_ERROR;
				CLANG_WARN_RANGE_LOOP_ANALYSIS = YES;
				CLANG_WARN_STRICT_PROTOTYPES = YES;
				CLANG_WARN_SUSPICIOUS_MOVE = YES;
				CLANG_WARN_UNGUARDED_AVAILABILITY = YES_AGGRESSIVE;
				CLANG_WARN_UNREACHABLE_CODE = YES;
				CLANG_WARN__DUPLICATE_METHOD_MATCH = YES;
				CODE_SIGN_IDENTITY = "iPhone Developer";
				COPY_PHASE_STRIP = NO;
				DEBUG_INFORMATION_FORMAT = "dwarf-with-dsym";
				ENABLE_NS_ASSERTIONS = NO;
				ENABLE_STRICT_OBJC_MSGSEND = YES;
				GCC_C_LANGUAGE_STANDARD = gnu11;
				GCC_NO_COMMON_BLOCKS = YES;
				GCC_WARN_64_TO_32_BIT_CONVERSION = YES;
				GCC_WARN_ABOUT_RETURN_TYPE = YES_ERROR;
				GCC_WARN_UNDECLARED_SELECTOR = YES;
				GCC_WARN_UNINITIALIZED_AUTOS = YES_AGGRESSIVE;
				GCC_WARN_UNUSED_FUNCTION = YES;
				GCC_WARN_UNUSED_VARIABLE = YES;
				IPHONEOS_DEPLOYMENT_TARGET = 11.4;
				MTL_ENABLE_DEBUG_INFO = NO;
				SDKROOT = iphoneos;
				SWIFT_COMPILATION_MODE = wholemodule;
				SWIFT_OPTIMIZATION_LEVEL = "-O";
				VALIDATE_PRODUCT = YES;
			};
			name = Release;
		};
		30096E0020E0E0EF00E25BC3 /* Debug */ = {
			isa = XCBuildConfiguration;
			buildSettings = {
				ASSETCATALOG_COMPILER_APPICON_NAME = AppIcon;
				CODE_SIGN_STYLE = Automatic;
				DEVELOPMENT_TEAM = P3HJAZRP24;
				INFOPLIST_FILE = task2_generic_api_client/Info.plist;
				LD_RUNPATH_SEARCH_PATHS = (
					"$(inherited)",
					"@executable_path/Frameworks",
				);
				PRODUCT_BUNDLE_IDENTIFIER = "ru.romanbrazhnikov.task2-generic-api-client";
				PRODUCT_NAME = "$(TARGET_NAME)";
				SWIFT_VERSION = 4.0;
				TARGETED_DEVICE_FAMILY = "1,2";
			};
			name = Debug;
		};
		30096E0120E0E0EF00E25BC3 /* Release */ = {
			isa = XCBuildConfiguration;
			buildSettings = {
				ASSETCATALOG_COMPILER_APPICON_NAME = AppIcon;
				CODE_SIGN_STYLE = Automatic;
				DEVELOPMENT_TEAM = P3HJAZRP24;
				INFOPLIST_FILE = task2_generic_api_client/Info.plist;
				LD_RUNPATH_SEARCH_PATHS = (
					"$(inherited)",
					"@executable_path/Frameworks",
				);
				PRODUCT_BUNDLE_IDENTIFIER = "ru.romanbrazhnikov.task2-generic-api-client";
				PRODUCT_NAME = "$(TARGET_NAME)";
				SWIFT_VERSION = 4.0;
				TARGETED_DEVICE_FAMILY = "1,2";
			};
			name = Release;
		};
/* End XCBuildConfiguration section */

/* Begin XCConfigurationList section */
		30096DE820E0E0EB00E25BC3 /* Build configuration list for PBXProject "task2_generic_api_client" */ = {
			isa = XCConfigurationList;
			buildConfigurations = (
				30096DFD20E0E0EF00E25BC3 /* Debug */,
				30096DFE20E0E0EF00E25BC3 /* Release */,
			);
			defaultConfigurationIsVisible = 0;
			defaultConfigurationName = Release;
		};
		30096DFF20E0E0EF00E25BC3 /* Build configuration list for PBXNativeTarget "task2_generic_api_client" */ = {
			isa = XCConfigurationList;
			buildConfigurations = (
				30096E0020E0E0EF00E25BC3 /* Debug */,
				30096E0120E0E0EF00E25BC3 /* Release */,
			);
			defaultConfigurationIsVisible = 0;
			defaultConfigurationName = Release;
		};
/* End XCConfigurationList section */
	};
	rootObject = 30096DE520E0E0EA00E25BC3 /* Project object */;
}
